// !$*UTF8*$!
{
	archiveVersion = 1;
	classes = {
	};
	objectVersion = 48;
	objects = {

/* Begin PBXBuildFile section */
		C55CD2C220C2AC1F001D89B5 /* main.cpp in Sources */ = {isa = PBXBuildFile; fileRef = C55CD2C120C2AC1F001D89B5 /* main.cpp */; };
		C55CD2CA20C2AC34001D89B5 /* unionFind.cpp in Sources */ = {isa = PBXBuildFile; fileRef = C55CD2C820C2AC34001D89B5 /* unionFind.cpp */; };
/* End PBXBuildFile section */

/* Begin PBXCopyFilesBuildPhase section */
		C55CD2BC20C2AC1F001D89B5 /* CopyFiles */ = {
			isa = PBXCopyFilesBuildPhase;
			buildActionMask = 2147483647;
			dstPath = /usr/share/man/man1/;
			dstSubfolderSpec = 0;
			files = (
			);
			runOnlyForDeploymentPostprocessing = 1;
		};
/* End PBXCopyFilesBuildPhase section */

/* Begin PBXFileReference section */
		C55CD2BE20C2AC1F001D89B5 /* modelowanie_18_POlszowy_lista5zad2 */ = {isa = PBXFileReference; explicitFileType = "compiled.mach-o.executable"; includeInIndex = 0; path = modelowanie_18_POlszowy_lista5zad2; sourceTree = BUILT_PRODUCTS_DIR; };
		C55CD2C120C2AC1F001D89B5 /* main.cpp */ = {isa = PBXFileReference; lastKnownFileType = sourcecode.cpp.cpp; path = main.cpp; sourceTree = "<group>"; };
		C55CD2C820C2AC34001D89B5 /* unionFind.cpp */ = {isa = PBXFileReference; lastKnownFileType = sourcecode.cpp.cpp; path = unionFind.cpp; sourceTree = "<group>"; };
		C55CD2C920C2AC34001D89B5 /* unionFind.hpp */ = {isa = PBXFileReference; lastKnownFileType = sourcecode.cpp.h; path = unionFind.hpp; sourceTree = "<group>"; };
/* End PBXFileReference section */

/* Begin PBXFrameworksBuildPhase section */
		C55CD2BB20C2AC1F001D89B5 /* Frameworks */ = {
			isa = PBXFrameworksBuildPhase;
			buildActionMask = 2147483647;
			files = (
			);
			runOnlyForDeploymentPostprocessing = 0;
		};
/* End PBXFrameworksBuildPhase section */

/* Begin PBXGroup section */
		C55CD2B520C2AC1F001D89B5 = {
			isa = PBXGroup;
			children = (
				C55CD2C020C2AC1F001D89B5 /* modelowanie_18_POlszowy_lista5zad2 */,
				C55CD2BF20C2AC1F001D89B5 /* Products */,
			);
			sourceTree = "<group>";
		};
		C55CD2BF20C2AC1F001D89B5 /* Products */ = {
			isa = PBXGroup;
			children = (
				C55CD2BE20C2AC1F001D89B5 /* modelowanie_18_POlszowy_lista5zad2 */,
			);
			name = Products;
			sourceTree = "<group>";
		};
		C55CD2C020C2AC1F001D89B5 /* modelowanie_18_POlszowy_lista5zad2 */ = {
			isa = PBXGroup;
			children = (
				C55CD2C120C2AC1F001D89B5 /* main.cpp */,
				C55CD2C820C2AC34001D89B5 /* unionFind.cpp */,
				C55CD2C920C2AC34001D89B5 /* unionFind.hpp */,
			);
			path = modelowanie_18_POlszowy_lista5zad2;
			sourceTree = "<group>";
		};
/* End PBXGroup section */

/* Begin PBXNativeTarget section */
		C55CD2BD20C2AC1F001D89B5 /* modelowanie_18_POlszowy_lista5zad2 */ = {
			isa = PBXNativeTarget;
			buildConfigurationList = C55CD2C520C2AC1F001D89B5 /* Build configuration list for PBXNativeTarget "modelowanie_18_POlszowy_lista5zad2" */;
			buildPhases = (
				C55CD2BA20C2AC1F001D89B5 /* Sources */,
				C55CD2BB20C2AC1F001D89B5 /* Frameworks */,
				C55CD2BC20C2AC1F001D89B5 /* CopyFiles */,
			);
			buildRules = (
			);
			dependencies = (
			);
			name = modelowanie_18_POlszowy_lista5zad2;
			productName = modelowanie_18_POlszowy_lista5zad2;
			productReference = C55CD2BE20C2AC1F001D89B5 /* modelowanie_18_POlszowy_lista5zad2 */;
			productType = "com.apple.product-type.tool";
		};
/* End PBXNativeTarget section */

/* Begin PBXProject section */
		C55CD2B620C2AC1F001D89B5 /* Project object */ = {
			isa = PBXProject;
			attributes = {
				LastUpgradeCheck = 0910;
				ORGANIZATIONNAME = "Jan Śnieg";
				TargetAttributes = {
					C55CD2BD20C2AC1F001D89B5 = {
						CreatedOnToolsVersion = 9.1;
						ProvisioningStyle = Automatic;
					};
				};
			};
			buildConfigurationList = C55CD2B920C2AC1F001D89B5 /* Build configuration list for PBXProject "modelowanie_18_POlszowy_lista5zad2" */;
			compatibilityVersion = "Xcode 8.0";
			developmentRegion = en;
			hasScannedForEncodings = 0;
			knownRegions = (
				en,
			);
			mainGroup = C55CD2B520C2AC1F001D89B5;
			productRefGroup = C55CD2BF20C2AC1F001D89B5 /* Products */;
			projectDirPath = "";
			projectRoot = "";
			targets = (
				C55CD2BD20C2AC1F001D89B5 /* modelowanie_18_POlszowy_lista5zad2 */,
			);
		};
/* End PBXProject section */

/* Begin PBXSourcesBuildPhase section */
		C55CD2BA20C2AC1F001D89B5 /* Sources */ = {
			isa = PBXSourcesBuildPhase;
			buildActionMask = 2147483647;
			files = (
				C55CD2CA20C2AC34001D89B5 /* unionFind.cpp in Sources */,
				C55CD2C220C2AC1F001D89B5 /* main.cpp in Sources */,
			);
			runOnlyForDeploymentPostprocessing = 0;
		};
/* End PBXSourcesBuildPhase section */

/* Begin XCBuildConfiguration section */
		C55CD2C320C2AC1F001D89B5 /* Debug */ = {
			isa = XCBuildConfiguration;
			buildSettings = {
				ALWAYS_SEARCH_USER_PATHS = NO;
				CLANG_ANALYZER_NONNULL = YES;
				CLANG_ANALYZER_NUMBER_OBJECT_CONVERSION = YES_AGGRESSIVE;
				CLANG_CXX_LANGUAGE_STANDARD = "gnu++14";
				CLANG_CXX_LIBRARY = "libc++";
				CLANG_ENABLE_MODULES = YES;
				CLANG_ENABLE_OBJC_ARC = YES;
				CLANG_WARN_BLOCK_CAPTURE_AUTORELEASING = YES;
				CLANG_WARN_BOOL_CONVERSION = YES;
				CLANG_WARN_COMMA = YES;
				CLANG_WARN_CONSTANT_CONVERSION = YES;
				CLANG_WARN_DIRECT_OBJC_ISA_USAGE = YES_ERROR;
				CLANG_WARN_DOCUMENTATION_COMMENTS = YES;
				CLANG_WARN_EMPTY_BODY = YES;
				CLANG_WARN_ENUM_CONVERSION = YES;
				CLANG_WARN_INFINITE_RECURSION = YES;
				CLANG_WARN_INT_CONVERSION = YES;
				CLANG_WARN_NON_LITERAL_NULL_CONVERSION = YES;
				CLANG_WARN_OBJC_LITERAL_CONVERSION = YES;
				CLANG_WARN_OBJC_ROOT_CLASS = YES_ERROR;
				CLANG_WARN_RANGE_LOOP_ANALYSIS = YES;
				CLANG_WARN_STRICT_PROTOTYPES = YES;
				CLANG_WARN_SUSPICIOUS_MOVE = YES;
				CLANG_WARN_UNGUARDED_AVAILABILITY = YES_AGGRESSIVE;
				CLANG_WARN_UNREACHABLE_CODE = YES;
				CLANG_WARN__DUPLICATE_METHOD_MATCH = YES;
				CODE_SIGN_IDENTITY = "-";
				COPY_PHASE_STRIP = NO;
				DEBUG_INFORMATION_FORMAT = dwarf;
				ENABLE_STRICT_OBJC_MSGSEND = YES;
				ENABLE_TESTABILITY = YES;
				GCC_C_LANGUAGE_STANDARD = gnu11;
				GCC_DYNAMIC_NO_PIC = NO;
				GCC_NO_COMMON_BLOCKS = YES;
				GCC_OPTIMIZATION_LEVEL = 0;
				GCC_PREPROCESSOR_DEFINITIONS = (
					"DEBUG=1",
					"$(inherited)",
				);
				GCC_WARN_64_TO_32_BIT_CONVERSION = YES;
				GCC_WARN_ABOUT_RETURN_TYPE = YES_ERROR;
				GCC_WARN_UNDECLARED_SELECTOR = YES;
				GCC_WARN_UNINITIALIZED_AUTOS = YES_AGGRESSIVE;
				GCC_WARN_UNUSED_FUNCTION = YES;
				GCC_WARN_UNUSED_VARIABLE = YES;
				MACOSX_DEPLOYMENT_TARGET = 10.13;
				MTL_ENABLE_DEBUG_INFO = YES;
				ONLY_ACTIVE_ARCH = YES;
				SDKROOT = macosx;
			};
			name = Debug;
		};
		C55CD2C420C2AC1F001D89B5 /* Release */ = {
			isa = XCBuildConfiguration;
			buildSettings = {
				ALWAYS_SEARCH_USER_PATHS = NO;
				CLANG_ANALYZER_NONNULL = YES;
				CLANG_ANALYZER_NUMBER_OBJECT_CONVERSION = YES_AGGRESSIVE;
				CLANG_CXX_LANGUAGE_STANDARD = "gnu++14";
				CLANG_CXX_LIBRARY = "libc++";
				CLANG_ENABLE_MODULES = YES;
				CLANG_ENABLE_OBJC_ARC = YES;
				CLANG_WARN_BLOCK_CAPTURE_AUTORELEASING = YES;
				CLANG_WARN_BOOL_CONVERSION = YES;
				CLANG_WARN_COMMA = YES;
				CLANG_WARN_CONSTANT_CONVERSION = YES;
				CLANG_WARN_DIRECT_OBJC_ISA_USAGE = YES_ERROR;
				CLANG_WARN_DOCUMENTATION_COMMENTS = YES;
				CLANG_WARN_EMPTY_BODY = YES;
				CLANG_WARN_ENUM_CONVERSION = YES;
				CLANG_WARN_INFINITE_RECURSION = YES;
				CLANG_WARN_INT_CONVERSION = YES;
				CLANG_WARN_NON_LITERAL_NULL_CONVERSION = YES;
				CLANG_WARN_OBJC_LITERAL_CONVERSION = YES;
				CLANG_WARN_OBJC_ROOT_CLASS = YES_ERROR;
				CLANG_WARN_RANGE_LOOP_ANALYSIS = YES;
				CLANG_WARN_STRICT_PROTOTYPES = YES;
				CLANG_WARN_SUSPICIOUS_MOVE = YES;
				CLANG_WARN_UNGUARDED_AVAILABILITY = YES_AGGRESSIVE;
				CLANG_WARN_UNREACHABLE_CODE = YES;
				CLANG_WARN__DUPLICATE_METHOD_MATCH = YES;
				CODE_SIGN_IDENTITY = "-";
				COPY_PHASE_STRIP = NO;
				DEBUG_INFORMATION_FORMAT = "dwarf-with-dsym";
				ENABLE_NS_ASSERTIONS = NO;
				ENABLE_STRICT_OBJC_MSGSEND = YES;
				GCC_C_LANGUAGE_STANDARD = gnu11;
				GCC_NO_COMMON_BLOCKS = YES;
				GCC_WARN_64_TO_32_BIT_CONVERSION = YES;
				GCC_WARN_ABOUT_RETURN_TYPE = YES_ERROR;
				GCC_WARN_UNDECLARED_SELECTOR = YES;
				GCC_WARN_UNINITIALIZED_AUTOS = YES_AGGRESSIVE;
				GCC_WARN_UNUSED_FUNCTION = YES;
				GCC_WARN_UNUSED_VARIABLE = YES;
				MACOSX_DEPLOYMENT_TARGET = 10.13;
				MTL_ENABLE_DEBUG_INFO = NO;
				SDKROOT = macosx;
			};
			name = Release;
		};
		C55CD2C620C2AC1F001D89B5 /* Debug */ = {
			isa = XCBuildConfiguration;
			buildSettings = {
				CODE_SIGN_STYLE = Automatic;
				PRODUCT_NAME = "$(TARGET_NAME)";
			};
			name = Debug;
		};
		C55CD2C720C2AC1F001D89B5 /* Release */ = {
			isa = XCBuildConfiguration;
			buildSettings = {
				CODE_SIGN_STYLE = Automatic;
				PRODUCT_NAME = "$(TARGET_NAME)";
			};
			name = Release;
		};
/* End XCBuildConfiguration section */

/* Begin XCConfigurationList section */
		C55CD2B920C2AC1F001D89B5 /* Build configuration list for PBXProject "modelowanie_18_POlszowy_lista5zad2" */ = {
			isa = XCConfigurationList;
			buildConfigurations = (
				C55CD2C320C2AC1F001D89B5 /* Debug */,
				C55CD2C420C2AC1F001D89B5 /* Release */,
			);
			defaultConfigurationIsVisible = 0;
			defaultConfigurationName = Release;
		};
		C55CD2C520C2AC1F001D89B5 /* Build configuration list for PBXNativeTarget "modelowanie_18_POlszowy_lista5zad2" */ = {
			isa = XCConfigurationList;
			buildConfigurations = (
				C55CD2C620C2AC1F001D89B5 /* Debug */,
				C55CD2C720C2AC1F001D89B5 /* Release */,
			);
			defaultConfigurationIsVisible = 0;
			defaultConfigurationName = Release;
		};
/* End XCConfigurationList section */
	};
	rootObject = C55CD2B620C2AC1F001D89B5 /* Project object */;
}
